// !$*UTF8*$!
{
	archiveVersion = 1;
	classes = {
	};
	objectVersion = 50;
	objects = {

/* Begin PBXBuildFile section */
		3633E55D251CE725007C3AC3 /* UrlPhotoHandling.swift in Sources */ = {isa = PBXBuildFile; fileRef = 3633E55C251CE725007C3AC3 /* UrlPhotoHandling.swift */; };
		3633E55F251D7E95007C3AC3 /* UrlImageHandling.swift in Sources */ = {isa = PBXBuildFile; fileRef = 3633E55E251D7E95007C3AC3 /* UrlImageHandling.swift */; };
		3653C5FC251C460000F27130 /* AppDelegate.swift in Sources */ = {isa = PBXBuildFile; fileRef = 3653C5FB251C460000F27130 /* AppDelegate.swift */; };
		3653C600251C460000F27130 /* ViewController.swift in Sources */ = {isa = PBXBuildFile; fileRef = 3653C5FF251C460000F27130 /* ViewController.swift */; };
		3653C603251C460000F27130 /* Main.storyboard in Resources */ = {isa = PBXBuildFile; fileRef = 3653C601251C460000F27130 /* Main.storyboard */; };
		3653C606251C460000F27130 /* OpenDota.xcdatamodeld in Sources */ = {isa = PBXBuildFile; fileRef = 3653C604251C460000F27130 /* OpenDota.xcdatamodeld */; };
		3653C608251C460400F27130 /* Assets.xcassets in Resources */ = {isa = PBXBuildFile; fileRef = 3653C607251C460400F27130 /* Assets.xcassets */; };
		3653C60B251C460400F27130 /* LaunchScreen.storyboard in Resources */ = {isa = PBXBuildFile; fileRef = 3653C609251C460400F27130 /* LaunchScreen.storyboard */; };
		3653C613251C587C00F27130 /* DesignableUITextField.swift in Sources */ = {isa = PBXBuildFile; fileRef = 3653C612251C587C00F27130 /* DesignableUITextField.swift */; };
		3653C615251C5E9400F27130 /* SupportExtension.swift in Sources */ = {isa = PBXBuildFile; fileRef = 3653C614251C5E9400F27130 /* SupportExtension.swift */; };
		3653C619251C7ED600F27130 /* BaseViewController.swift in Sources */ = {isa = PBXBuildFile; fileRef = 3653C618251C7ED600F27130 /* BaseViewController.swift */; };
		3653C61B251C7EFE00F27130 /* BaseDelegate.swift in Sources */ = {isa = PBXBuildFile; fileRef = 3653C61A251C7EFE00F27130 /* BaseDelegate.swift */; };
		3653C61D251C7F2800F27130 /* BasePresenter.swift in Sources */ = {isa = PBXBuildFile; fileRef = 3653C61C251C7F2800F27130 /* BasePresenter.swift */; };
		3653C621251C7FE700F27130 /* ViewPresenter.swift in Sources */ = {isa = PBXBuildFile; fileRef = 3653C620251C7FE700F27130 /* ViewPresenter.swift */; };
		3653C623251C80F900F27130 /* Dota.swift in Sources */ = {isa = PBXBuildFile; fileRef = 3653C622251C80F900F27130 /* Dota.swift */; };
		3653C625251C85B600F27130 /* SwiftyJSON.swift in Sources */ = {isa = PBXBuildFile; fileRef = 3653C624251C85B600F27130 /* SwiftyJSON.swift */; };
		368DC0FB251E36ED009A0DA3 /* DetailViewController.swift in Sources */ = {isa = PBXBuildFile; fileRef = 368DC0FA251E36ED009A0DA3 /* DetailViewController.swift */; };
/* End PBXBuildFile section */

/* Begin PBXFileReference section */
		3633E55C251CE725007C3AC3 /* UrlPhotoHandling.swift */ = {isa = PBXFileReference; lastKnownFileType = sourcecode.swift; path = UrlPhotoHandling.swift; sourceTree = "<group>"; };
		3633E55E251D7E95007C3AC3 /* UrlImageHandling.swift */ = {isa = PBXFileReference; lastKnownFileType = sourcecode.swift; path = UrlImageHandling.swift; sourceTree = "<group>"; };
		3653C5F8251C460000F27130 /* OpenDota.app */ = {isa = PBXFileReference; explicitFileType = wrapper.application; includeInIndex = 0; path = OpenDota.app; sourceTree = BUILT_PRODUCTS_DIR; };
		3653C5FB251C460000F27130 /* AppDelegate.swift */ = {isa = PBXFileReference; lastKnownFileType = sourcecode.swift; path = AppDelegate.swift; sourceTree = "<group>"; };
		3653C5FF251C460000F27130 /* ViewController.swift */ = {isa = PBXFileReference; lastKnownFileType = sourcecode.swift; path = ViewController.swift; sourceTree = "<group>"; };
		3653C602251C460000F27130 /* Base */ = {isa = PBXFileReference; lastKnownFileType = file.storyboard; name = Base; path = Base.lproj/Main.storyboard; sourceTree = "<group>"; };
		3653C605251C460000F27130 /* OpenDota.xcdatamodel */ = {isa = PBXFileReference; lastKnownFileType = wrapper.xcdatamodel; path = OpenDota.xcdatamodel; sourceTree = "<group>"; };
		3653C607251C460400F27130 /* Assets.xcassets */ = {isa = PBXFileReference; lastKnownFileType = folder.assetcatalog; path = Assets.xcassets; sourceTree = "<group>"; };
		3653C60A251C460400F27130 /* Base */ = {isa = PBXFileReference; lastKnownFileType = file.storyboard; name = Base; path = Base.lproj/LaunchScreen.storyboard; sourceTree = "<group>"; };
		3653C60C251C460400F27130 /* Info.plist */ = {isa = PBXFileReference; lastKnownFileType = text.plist.xml; path = Info.plist; sourceTree = "<group>"; };
		3653C612251C587C00F27130 /* DesignableUITextField.swift */ = {isa = PBXFileReference; lastKnownFileType = sourcecode.swift; path = DesignableUITextField.swift; sourceTree = "<group>"; };
		3653C614251C5E9400F27130 /* SupportExtension.swift */ = {isa = PBXFileReference; lastKnownFileType = sourcecode.swift; path = SupportExtension.swift; sourceTree = "<group>"; };
		3653C618251C7ED600F27130 /* BaseViewController.swift */ = {isa = PBXFileReference; lastKnownFileType = sourcecode.swift; path = BaseViewController.swift; sourceTree = "<group>"; };
		3653C61A251C7EFE00F27130 /* BaseDelegate.swift */ = {isa = PBXFileReference; lastKnownFileType = sourcecode.swift; path = BaseDelegate.swift; sourceTree = "<group>"; };
		3653C61C251C7F2800F27130 /* BasePresenter.swift */ = {isa = PBXFileReference; lastKnownFileType = sourcecode.swift; path = BasePresenter.swift; sourceTree = "<group>"; };
		3653C620251C7FE700F27130 /* ViewPresenter.swift */ = {isa = PBXFileReference; lastKnownFileType = sourcecode.swift; path = ViewPresenter.swift; sourceTree = "<group>"; };
		3653C622251C80F900F27130 /* Dota.swift */ = {isa = PBXFileReference; lastKnownFileType = sourcecode.swift; path = Dota.swift; sourceTree = "<group>"; };
		3653C624251C85B600F27130 /* SwiftyJSON.swift */ = {isa = PBXFileReference; lastKnownFileType = sourcecode.swift; path = SwiftyJSON.swift; sourceTree = "<group>"; };
		368DC0FA251E36ED009A0DA3 /* DetailViewController.swift */ = {isa = PBXFileReference; lastKnownFileType = sourcecode.swift; path = DetailViewController.swift; sourceTree = "<group>"; };
/* End PBXFileReference section */

/* Begin PBXFrameworksBuildPhase section */
		3653C5F5251C460000F27130 /* Frameworks */ = {
			isa = PBXFrameworksBuildPhase;
			buildActionMask = 2147483647;
			files = (
			);
			runOnlyForDeploymentPostprocessing = 0;
		};
/* End PBXFrameworksBuildPhase section */

/* Begin PBXGroup section */
		3653C5EF251C460000F27130 = {
			isa = PBXGroup;
			children = (
				3653C5FA251C460000F27130 /* OpenDota */,
				3653C5F9251C460000F27130 /* Products */,
			);
			sourceTree = "<group>";
		};
		3653C5F9251C460000F27130 /* Products */ = {
			isa = PBXGroup;
			children = (
				3653C5F8251C460000F27130 /* OpenDota.app */,
			);
			name = Products;
			sourceTree = "<group>";
		};
		3653C5FA251C460000F27130 /* OpenDota */ = {
			isa = PBXGroup;
			children = (
				3653C617251C7EA300F27130 /* Utils */,
				3653C616251C7E9500F27130 /* Base */,
				3653C5FB251C460000F27130 /* AppDelegate.swift */,
				3653C5FF251C460000F27130 /* ViewController.swift */,
				3653C620251C7FE700F27130 /* ViewPresenter.swift */,
				3653C601251C460000F27130 /* Main.storyboard */,
				3653C607251C460400F27130 /* Assets.xcassets */,
				3653C609251C460400F27130 /* LaunchScreen.storyboard */,
				3653C60C251C460400F27130 /* Info.plist */,
				3653C604251C460000F27130 /* OpenDota.xcdatamodeld */,
				3653C622251C80F900F27130 /* Dota.swift */,
				368DC0FA251E36ED009A0DA3 /* DetailViewController.swift */,
			);
			path = OpenDota;
			sourceTree = "<group>";
		};
		3653C616251C7E9500F27130 /* Base */ = {
			isa = PBXGroup;
			children = (
				3653C618251C7ED600F27130 /* BaseViewController.swift */,
				3653C61A251C7EFE00F27130 /* BaseDelegate.swift */,
				3653C61C251C7F2800F27130 /* BasePresenter.swift */,
			);
			path = Base;
			sourceTree = "<group>";
		};
		3653C617251C7EA300F27130 /* Utils */ = {
			isa = PBXGroup;
			children = (
				3653C612251C587C00F27130 /* DesignableUITextField.swift */,
				3653C614251C5E9400F27130 /* SupportExtension.swift */,
				3653C624251C85B600F27130 /* SwiftyJSON.swift */,
				3633E55C251CE725007C3AC3 /* UrlPhotoHandling.swift */,
				3633E55E251D7E95007C3AC3 /* UrlImageHandling.swift */,
			);
			path = Utils;
			sourceTree = "<group>";
		};
/* End PBXGroup section */

/* Begin PBXNativeTarget section */
		3653C5F7251C460000F27130 /* OpenDota */ = {
			isa = PBXNativeTarget;
			buildConfigurationList = 3653C60F251C460400F27130 /* Build configuration list for PBXNativeTarget "OpenDota" */;
			buildPhases = (
				3653C5F4251C460000F27130 /* Sources */,
				3653C5F5251C460000F27130 /* Frameworks */,
				3653C5F6251C460000F27130 /* Resources */,
			);
			buildRules = (
			);
			dependencies = (
			);
			name = OpenDota;
			productName = OpenDota;
			productReference = 3653C5F8251C460000F27130 /* OpenDota.app */;
			productType = "com.apple.product-type.application";
		};
/* End PBXNativeTarget section */

/* Begin PBXProject section */
		3653C5F0251C460000F27130 /* Project object */ = {
			isa = PBXProject;
			attributes = {
				LastSwiftUpdateCheck = 1150;
				LastUpgradeCheck = 1150;
				ORGANIZATIONNAME = "Affandy Murad";
				TargetAttributes = {
					3653C5F7251C460000F27130 = {
						CreatedOnToolsVersion = 11.5;
					};
				};
			};
			buildConfigurationList = 3653C5F3251C460000F27130 /* Build configuration list for PBXProject "OpenDota" */;
			compatibilityVersion = "Xcode 9.3";
			developmentRegion = en;
			hasScannedForEncodings = 0;
			knownRegions = (
				en,
				Base,
			);
			mainGroup = 3653C5EF251C460000F27130;
			productRefGroup = 3653C5F9251C460000F27130 /* Products */;
			projectDirPath = "";
			projectRoot = "";
			targets = (
				3653C5F7251C460000F27130 /* OpenDota */,
			);
		};
/* End PBXProject section */

/* Begin PBXResourcesBuildPhase section */
		3653C5F6251C460000F27130 /* Resources */ = {
			isa = PBXResourcesBuildPhase;
			buildActionMask = 2147483647;
			files = (
				3653C60B251C460400F27130 /* LaunchScreen.storyboard in Resources */,
				3653C608251C460400F27130 /* Assets.xcassets in Resources */,
				3653C603251C460000F27130 /* Main.storyboard in Resources */,
			);
			runOnlyForDeploymentPostprocessing = 0;
		};
/* End PBXResourcesBuildPhase section */

/* Begin PBXSourcesBuildPhase section */
		3653C5F4251C460000F27130 /* Sources */ = {
			isa = PBXSourcesBuildPhase;
			buildActionMask = 2147483647;
			files = (
				3653C621251C7FE700F27130 /* ViewPresenter.swift in Sources */,
				3653C600251C460000F27130 /* ViewController.swift in Sources */,
				3653C61D251C7F2800F27130 /* BasePresenter.swift in Sources */,
				3653C625251C85B600F27130 /* SwiftyJSON.swift in Sources */,
				3653C615251C5E9400F27130 /* SupportExtension.swift in Sources */,
				3653C5FC251C460000F27130 /* AppDelegate.swift in Sources */,
				3633E55F251D7E95007C3AC3 /* UrlImageHandling.swift in Sources */,
				3653C606251C460000F27130 /* OpenDota.xcdatamodeld in Sources */,
				3653C613251C587C00F27130 /* DesignableUITextField.swift in Sources */,
				3653C623251C80F900F27130 /* Dota.swift in Sources */,
				3653C61B251C7EFE00F27130 /* BaseDelegate.swift in Sources */,
				3653C619251C7ED600F27130 /* BaseViewController.swift in Sources */,
				3633E55D251CE725007C3AC3 /* UrlPhotoHandling.swift in Sources */,
				368DC0FB251E36ED009A0DA3 /* DetailViewController.swift in Sources */,
			);
			runOnlyForDeploymentPostprocessing = 0;
		};
/* End PBXSourcesBuildPhase section */

/* Begin PBXVariantGroup section */
		3653C601251C460000F27130 /* Main.storyboard */ = {
			isa = PBXVariantGroup;
			children = (
				3653C602251C460000F27130 /* Base */,
			);
			name = Main.storyboard;
			sourceTree = "<group>";
		};
		3653C609251C460400F27130 /* LaunchScreen.storyboard */ = {
			isa = PBXVariantGroup;
			children = (
				3653C60A251C460400F27130 /* Base */,
			);
			name = LaunchScreen.storyboard;
			sourceTree = "<group>";
		};
/* End PBXVariantGroup section */

/* Begin XCBuildConfiguration section */
		3653C60D251C460400F27130 /* Debug */ = {
			isa = XCBuildConfiguration;
			buildSettings = {
				ALWAYS_SEARCH_USER_PATHS = NO;
				CLANG_ANALYZER_NONNULL = YES;
				CLANG_ANALYZER_NUMBER_OBJECT_CONVERSION = YES_AGGRESSIVE;
				CLANG_CXX_LANGUAGE_STANDARD = "gnu++14";
				CLANG_CXX_LIBRARY = "libc++";
				CLANG_ENABLE_MODULES = YES;
				CLANG_ENABLE_OBJC_ARC = YES;
				CLANG_ENABLE_OBJC_WEAK = YES;
				CLANG_WARN_BLOCK_CAPTURE_AUTORELEASING = YES;
				CLANG_WARN_BOOL_CONVERSION = YES;
				CLANG_WARN_COMMA = YES;
				CLANG_WARN_CONSTANT_CONVERSION = YES;
				CLANG_WARN_DEPRECATED_OBJC_IMPLEMENTATIONS = YES;
				CLANG_WARN_DIRECT_OBJC_ISA_USAGE = YES_ERROR;
				CLANG_WARN_DOCUMENTATION_COMMENTS = YES;
				CLANG_WARN_EMPTY_BODY = YES;
				CLANG_WARN_ENUM_CONVERSION = YES;
				CLANG_WARN_INFINITE_RECURSION = YES;
				CLANG_WARN_INT_CONVERSION = YES;
				CLANG_WARN_NON_LITERAL_NULL_CONVERSION = YES;
				CLANG_WARN_OBJC_IMPLICIT_RETAIN_SELF = YES;
				CLANG_WARN_OBJC_LITERAL_CONVERSION = YES;
				CLANG_WARN_OBJC_ROOT_CLASS = YES_ERROR;
				CLANG_WARN_RANGE_LOOP_ANALYSIS = YES;
				CLANG_WARN_STRICT_PROTOTYPES = YES;
				CLANG_WARN_SUSPICIOUS_MOVE = YES;
				CLANG_WARN_UNGUARDED_AVAILABILITY = YES_AGGRESSIVE;
				CLANG_WARN_UNREACHABLE_CODE = YES;
				CLANG_WARN__DUPLICATE_METHOD_MATCH = YES;
				COPY_PHASE_STRIP = NO;
				DEBUG_INFORMATION_FORMAT = dwarf;
				ENABLE_STRICT_OBJC_MSGSEND = YES;
				ENABLE_TESTABILITY = YES;
				GCC_C_LANGUAGE_STANDARD = gnu11;
				GCC_DYNAMIC_NO_PIC = NO;
				GCC_NO_COMMON_BLOCKS = YES;
				GCC_OPTIMIZATION_LEVEL = 0;
				GCC_PREPROCESSOR_DEFINITIONS = (
					"DEBUG=1",
					"$(inherited)",
				);
				GCC_WARN_64_TO_32_BIT_CONVERSION = YES;
				GCC_WARN_ABOUT_RETURN_TYPE = YES_ERROR;
				GCC_WARN_UNDECLARED_SELECTOR = YES;
				GCC_WARN_UNINITIALIZED_AUTOS = YES_AGGRESSIVE;
				GCC_WARN_UNUSED_FUNCTION = YES;
				GCC_WARN_UNUSED_VARIABLE = YES;
				IPHONEOS_DEPLOYMENT_TARGET = 11.2;
				MTL_ENABLE_DEBUG_INFO = INCLUDE_SOURCE;
				MTL_FAST_MATH = YES;
				ONLY_ACTIVE_ARCH = YES;
				SDKROOT = iphoneos;
				SWIFT_ACTIVE_COMPILATION_CONDITIONS = DEBUG;
				SWIFT_OPTIMIZATION_LEVEL = "-Onone";
			};
			name = Debug;
		};
		3653C60E251C460400F27130 /* Release */ = {
			isa = XCBuildConfiguration;
			buildSettings = {
				ALWAYS_SEARCH_USER_PATHS = NO;
				CLANG_ANALYZER_NONNULL = YES;
				CLANG_ANALYZER_NUMBER_OBJECT_CONVERSION = YES_AGGRESSIVE;
				CLANG_CXX_LANGUAGE_STANDARD = "gnu++14";
				CLANG_CXX_LIBRARY = "libc++";
				CLANG_ENABLE_MODULES = YES;
				CLANG_ENABLE_OBJC_ARC = YES;
				CLANG_ENABLE_OBJC_WEAK = YES;
				CLANG_WARN_BLOCK_CAPTURE_AUTORELEASING = YES;
				CLANG_WARN_BOOL_CONVERSION = YES;
				CLANG_WARN_COMMA = YES;
				CLANG_WARN_CONSTANT_CONVERSION = YES;
				CLANG_WARN_DEPRECATED_OBJC_IMPLEMENTATIONS = YES;
				CLANG_WARN_DIRECT_OBJC_ISA_USAGE = YES_ERROR;
				CLANG_WARN_DOCUMENTATION_COMMENTS = YES;
				CLANG_WARN_EMPTY_BODY = YES;
				CLANG_WARN_ENUM_CONVERSION = YES;
				CLANG_WARN_INFINITE_RECURSION = YES;
				CLANG_WARN_INT_CONVERSION = YES;
				CLANG_WARN_NON_LITERAL_NULL_CONVERSION = YES;
				CLANG_WARN_OBJC_IMPLICIT_RETAIN_SELF = YES;
				CLANG_WARN_OBJC_LITERAL_CONVERSION = YES;
				CLANG_WARN_OBJC_ROOT_CLASS = YES_ERROR;
				CLANG_WARN_RANGE_LOOP_ANALYSIS = YES;
				CLANG_WARN_STRICT_PROTOTYPES = YES;
				CLANG_WARN_SUSPICIOUS_MOVE = YES;
				CLANG_WARN_UNGUARDED_AVAILABILITY = YES_AGGRESSIVE;
				CLANG_WARN_UNREACHABLE_CODE = YES;
				CLANG_WARN__DUPLICATE_METHOD_MATCH = YES;
				COPY_PHASE_STRIP = NO;
				DEBUG_INFORMATION_FORMAT = "dwarf-with-dsym";
				ENABLE_NS_ASSERTIONS = NO;
				ENABLE_STRICT_OBJC_MSGSEND = YES;
				GCC_C_LANGUAGE_STANDARD = gnu11;
				GCC_NO_COMMON_BLOCKS = YES;
				GCC_WARN_64_TO_32_BIT_CONVERSION = YES;
				GCC_WARN_ABOUT_RETURN_TYPE = YES_ERROR;
				GCC_WARN_UNDECLARED_SELECTOR = YES;
				GCC_WARN_UNINITIALIZED_AUTOS = YES_AGGRESSIVE;
				GCC_WARN_UNUSED_FUNCTION = YES;
				GCC_WARN_UNUSED_VARIABLE = YES;
				IPHONEOS_DEPLOYMENT_TARGET = 11.2;
				MTL_ENABLE_DEBUG_INFO = NO;
				MTL_FAST_MATH = YES;
				SDKROOT = iphoneos;
				SWIFT_COMPILATION_MODE = wholemodule;
				SWIFT_OPTIMIZATION_LEVEL = "-O";
				VALIDATE_PRODUCT = YES;
			};
			name = Release;
		};
		3653C610251C460400F27130 /* Debug */ = {
			isa = XCBuildConfiguration;
			buildSettings = {
				ASSETCATALOG_COMPILER_APPICON_NAME = AppIcon;
				CODE_SIGN_STYLE = Automatic;
				DEVELOPMENT_TEAM = GR9KU77N8N;
				INFOPLIST_FILE = OpenDota/Info.plist;
				IPHONEOS_DEPLOYMENT_TARGET = 10.1;
				LD_RUNPATH_SEARCH_PATHS = (
					"$(inherited)",
					"@executable_path/Frameworks",
				);
				PRODUCT_BUNDLE_IDENTIFIER = am.tiket.OpenDota;
				PRODUCT_NAME = "$(TARGET_NAME)";
				SWIFT_VERSION = 5.0;
				TARGETED_DEVICE_FAMILY = 1;
			};
			name = Debug;
		};
		3653C611251C460400F27130 /* Release */ = {
			isa = XCBuildConfiguration;
			buildSettings = {
				ASSETCATALOG_COMPILER_APPICON_NAME = AppIcon;
				CODE_SIGN_STYLE = Automatic;
				DEVELOPMENT_TEAM = GR9KU77N8N;
				INFOPLIST_FILE = OpenDota/Info.plist;
				IPHONEOS_DEPLOYMENT_TARGET = 10.1;
				LD_RUNPATH_SEARCH_PATHS = (
					"$(inherited)",
					"@executable_path/Frameworks",
				);
				PRODUCT_BUNDLE_IDENTIFIER = am.tiket.OpenDota;
				PRODUCT_NAME = "$(TARGET_NAME)";
				SWIFT_VERSION = 5.0;
				TARGETED_DEVICE_FAMILY = 1;
			};
			name = Release;
		};
/* End XCBuildConfiguration section */

/* Begin XCConfigurationList section */
		3653C5F3251C460000F27130 /* Build configuration list for PBXProject "OpenDota" */ = {
			isa = XCConfigurationList;
			buildConfigurations = (
				3653C60D251C460400F27130 /* Debug */,
				3653C60E251C460400F27130 /* Release */,
			);
			defaultConfigurationIsVisible = 0;
			defaultConfigurationName = Release;
		};
		3653C60F251C460400F27130 /* Build configuration list for PBXNativeTarget "OpenDota" */ = {
			isa = XCConfigurationList;
			buildConfigurations = (
				3653C610251C460400F27130 /* Debug */,
				3653C611251C460400F27130 /* Release */,
			);
			defaultConfigurationIsVisible = 0;
			defaultConfigurationName = Release;
		};
/* End XCConfigurationList section */

/* Begin XCVersionGroup section */
		3653C604251C460000F27130 /* OpenDota.xcdatamodeld */ = {
			isa = XCVersionGroup;
			children = (
				3653C605251C460000F27130 /* OpenDota.xcdatamodel */,
			);
			currentVersion = 3653C605251C460000F27130 /* OpenDota.xcdatamodel */;
			path = OpenDota.xcdatamodeld;
			sourceTree = "<group>";
			versionGroupType = wrapper.xcdatamodel;
		};
/* End XCVersionGroup section */
	};
	rootObject = 3653C5F0251C460000F27130 /* Project object */;
}
